
Microsoft Visual Studio Solution File, Format Version 12.00
# Visual Studio Version 17
VisualStudioVersion = 17.0.31912.275
MinimumVisualStudioVersion = 10.0.40219.1
Project("{9A19103F-16F7-4668-BE54-9A1E7A4F7556}") = "GrampsView", "GrampsView\GrampsView.csproj", "{54EAF1E8-E560-4A93-8206-263171B8900D}"
EndProject
Project("{2150E333-8FDC-42A3-9474-1A3956D46DE8}") = "Solution Items", "Solution Items", "{4E56C56F-B9F2-4B6A-8D92-C96B523CC949}"
	ProjectSection(SolutionItems) = preProject
		.editorconfig = .editorconfig
		.gitignore = .gitignore
		Commit coding rules.md = Commit coding rules.md
		.github\contributing.md = .github\contributing.md
		.test data\GrampsView Test Basic.gpkg = .test data\GrampsView Test Basic.gpkg
		LICENSE = LICENSE
		NuGet.config = NuGet.config
		package.json = package.json
		.privatenuget\SignList.xml = .privatenuget\SignList.xml
	EndProjectSection
EndProject
Project("{2150E333-8FDC-42A3-9474-1A3956D46DE8}") = ".azure", ".azure", "{F161B48C-2D99-4498-97DF-136E379816A4}"
	ProjectSection(SolutionItems) = preProject
		.azure\grampsview-azure-pl-android.yml = .azure\grampsview-azure-pl-android.yml
		.azure\grampsview-azure-pl-e2e.yml = .azure\grampsview-azure-pl-e2e.yml
		.azure\grampsview-azure-pl-nunit.yml = .azure\grampsview-azure-pl-nunit.yml
		.azure\grampsview-azure-pl-winui-store.yml = .azure\grampsview-azure-pl-winui-store.yml
		.azure\grampsview-azure-pl-winui.yml = .azure\grampsview-azure-pl-winui.yml
	EndProjectSection
EndProject
Project("{2150E333-8FDC-42A3-9474-1A3956D46DE8}") = ".github", ".github", "{6FF772D0-B54F-4526-9FF6-535E9ED88E14}"
	ProjectSection(SolutionItems) = preProject
		.github\workflows\ci.yml = .github\workflows\ci.yml
		.github\workflows\prepare_release.yml = .github\workflows\prepare_release.yml
		.github\workflows\stale.yml = .github\workflows\stale.yml
	EndProjectSection
EndProject
Global
	GlobalSection(SolutionConfigurationPlatforms) = preSolution
		Debug|Any CPU = Debug|Any CPU
		Debug|ARM = Debug|ARM
		Debug|iPhone = Debug|iPhone
		Debug|iPhoneSimulator = Debug|iPhoneSimulator
		Debug|x64 = Debug|x64
		Debug|x86 = Debug|x86
		GooglePlay|Any CPU = GooglePlay|Any CPU
		GooglePlay|ARM = GooglePlay|ARM
		GooglePlay|iPhone = GooglePlay|iPhone
		GooglePlay|iPhoneSimulator = GooglePlay|iPhoneSimulator
		GooglePlay|x64 = GooglePlay|x64
		GooglePlay|x86 = GooglePlay|x86
		Release|Any CPU = Release|Any CPU
		Release|ARM = Release|ARM
		Release|iPhone = Release|iPhone
		Release|iPhoneSimulator = Release|iPhoneSimulator
		Release|x64 = Release|x64
		Release|x86 = Release|x86
		Unit Test|Any CPU = Unit Test|Any CPU
		Unit Test|ARM = Unit Test|ARM
		Unit Test|iPhone = Unit Test|iPhone
		Unit Test|iPhoneSimulator = Unit Test|iPhoneSimulator
		Unit Test|x64 = Unit Test|x64
		Unit Test|x86 = Unit Test|x86
	EndGlobalSection
	GlobalSection(ProjectConfigurationPlatforms) = postSolution
		{54EAF1E8-E560-4A93-8206-263171B8900D}.Debug|Any CPU.ActiveCfg = Debug|Any CPU
		{54EAF1E8-E560-4A93-8206-263171B8900D}.Debug|Any CPU.Build.0 = Debug|Any CPU
		{54EAF1E8-E560-4A93-8206-263171B8900D}.Debug|Any CPU.Deploy.0 = Debug|Any CPU
		{54EAF1E8-E560-4A93-8206-263171B8900D}.Debug|ARM.ActiveCfg = Debug|Any CPU
		{54EAF1E8-E560-4A93-8206-263171B8900D}.Debug|ARM.Build.0 = Debug|Any CPU
		{54EAF1E8-E560-4A93-8206-263171B8900D}.Debug|iPhone.ActiveCfg = Debug|Any CPU
		{54EAF1E8-E560-4A93-8206-263171B8900D}.Debug|iPhone.Build.0 = Debug|Any CPU
		{54EAF1E8-E560-4A93-8206-263171B8900D}.Debug|iPhoneSimulator.ActiveCfg = Debug|Any CPU
		{54EAF1E8-E560-4A93-8206-263171B8900D}.Debug|iPhoneSimulator.Build.0 = Debug|Any CPU
		{54EAF1E8-E560-4A93-8206-263171B8900D}.Debug|x64.ActiveCfg = Debug|Any CPU
		{54EAF1E8-E560-4A93-8206-263171B8900D}.Debug|x64.Build.0 = Debug|Any CPU
		{54EAF1E8-E560-4A93-8206-263171B8900D}.Debug|x86.ActiveCfg = Debug|Any CPU
		{54EAF1E8-E560-4A93-8206-263171B8900D}.Debug|x86.Build.0 = Debug|Any CPU
		{54EAF1E8-E560-4A93-8206-263171B8900D}.GooglePlay|Any CPU.ActiveCfg = Debug|Any CPU
		{54EAF1E8-E560-4A93-8206-263171B8900D}.GooglePlay|Any CPU.Build.0 = Debug|Any CPU
		{54EAF1E8-E560-4A93-8206-263171B8900D}.GooglePlay|ARM.ActiveCfg = Debug|Any CPU
		{54EAF1E8-E560-4A93-8206-263171B8900D}.GooglePlay|ARM.Build.0 = Debug|Any CPU
		{54EAF1E8-E560-4A93-8206-263171B8900D}.GooglePlay|iPhone.ActiveCfg = Debug|Any CPU
		{54EAF1E8-E560-4A93-8206-263171B8900D}.GooglePlay|iPhone.Build.0 = Debug|Any CPU
		{54EAF1E8-E560-4A93-8206-263171B8900D}.GooglePlay|iPhoneSimulator.ActiveCfg = Debug|Any CPU
		{54EAF1E8-E560-4A93-8206-263171B8900D}.GooglePlay|iPhoneSimulator.Build.0 = Debug|Any CPU
		{54EAF1E8-E560-4A93-8206-263171B8900D}.GooglePlay|x64.ActiveCfg = Debug|Any CPU
		{54EAF1E8-E560-4A93-8206-263171B8900D}.GooglePlay|x64.Build.0 = Debug|Any CPU
		{54EAF1E8-E560-4A93-8206-263171B8900D}.GooglePlay|x86.ActiveCfg = Debug|Any CPU
		{54EAF1E8-E560-4A93-8206-263171B8900D}.GooglePlay|x86.Build.0 = Debug|Any CPU
		{54EAF1E8-E560-4A93-8206-263171B8900D}.Release|Any CPU.ActiveCfg = Release|Any CPU
		{54EAF1E8-E560-4A93-8206-263171B8900D}.Release|Any CPU.Build.0 = Release|Any CPU
		{54EAF1E8-E560-4A93-8206-263171B8900D}.Release|Any CPU.Deploy.0 = Release|Any CPU
		{54EAF1E8-E560-4A93-8206-263171B8900D}.Release|ARM.ActiveCfg = Release|Any CPU
		{54EAF1E8-E560-4A93-8206-263171B8900D}.Release|ARM.Build.0 = Release|Any CPU
		{54EAF1E8-E560-4A93-8206-263171B8900D}.Release|iPhone.ActiveCfg = Release|Any CPU
		{54EAF1E8-E560-4A93-8206-263171B8900D}.Release|iPhone.Build.0 = Release|Any CPU
		{54EAF1E8-E560-4A93-8206-263171B8900D}.Release|iPhoneSimulator.ActiveCfg = Release|Any CPU
		{54EAF1E8-E560-4A93-8206-263171B8900D}.Release|iPhoneSimulator.Build.0 = Release|Any CPU
		{54EAF1E8-E560-4A93-8206-263171B8900D}.Release|x64.ActiveCfg = Release|Any CPU
		{54EAF1E8-E560-4A93-8206-263171B8900D}.Release|x64.Build.0 = Release|Any CPU
		{54EAF1E8-E560-4A93-8206-263171B8900D}.Release|x86.ActiveCfg = Release|Any CPU
		{54EAF1E8-E560-4A93-8206-263171B8900D}.Release|x86.Build.0 = Release|Any CPU
		{54EAF1E8-E560-4A93-8206-263171B8900D}.Unit Test|Any CPU.ActiveCfg = Debug|Any CPU
		{54EAF1E8-E560-4A93-8206-263171B8900D}.Unit Test|Any CPU.Build.0 = Debug|Any CPU
		{54EAF1E8-E560-4A93-8206-263171B8900D}.Unit Test|ARM.ActiveCfg = Debug|Any CPU
		{54EAF1E8-E560-4A93-8206-263171B8900D}.Unit Test|ARM.Build.0 = Debug|Any CPU
		{54EAF1E8-E560-4A93-8206-263171B8900D}.Unit Test|iPhone.ActiveCfg = Debug|Any CPU
		{54EAF1E8-E560-4A93-8206-263171B8900D}.Unit Test|iPhone.Build.0 = Debug|Any CPU
		{54EAF1E8-E560-4A93-8206-263171B8900D}.Unit Test|iPhoneSimulator.ActiveCfg = Debug|Any CPU
		{54EAF1E8-E560-4A93-8206-263171B8900D}.Unit Test|iPhoneSimulator.Build.0 = Debug|Any CPU
		{54EAF1E8-E560-4A93-8206-263171B8900D}.Unit Test|x64.ActiveCfg = Debug|Any CPU
		{54EAF1E8-E560-4A93-8206-263171B8900D}.Unit Test|x64.Build.0 = Debug|Any CPU
		{54EAF1E8-E560-4A93-8206-263171B8900D}.Unit Test|x86.ActiveCfg = Debug|Any CPU
		{54EAF1E8-E560-4A93-8206-263171B8900D}.Unit Test|x86.Build.0 = Debug|Any CPU
	EndGlobalSection
	GlobalSection(SolutionProperties) = preSolution
		HideSolutionNode = FALSE
	EndGlobalSection
	GlobalSection(NestedProjects) = preSolution
		{F161B48C-2D99-4498-97DF-136E379816A4} = {4E56C56F-B9F2-4B6A-8D92-C96B523CC949}
		{6FF772D0-B54F-4526-9FF6-535E9ED88E14} = {4E56C56F-B9F2-4B6A-8D92-C96B523CC949}
	EndGlobalSection
	GlobalSection(ExtensibilityGlobals) = postSolution
		SolutionGuid = {2F330216-0DFF-42A7-B6B3-2B4801C63B39}
	EndGlobalSection
EndGlobal
