
Microsoft Visual Studio Solution File, Format Version 12.00
# Visual Studio Version 16
VisualStudioVersion = 16.0.29418.71
MinimumVisualStudioVersion = 10.0.40219.1
Project("{2150E333-8FDC-42A3-9474-1A3956D46DE8}") = "Solution Items", "Solution Items", "{290510A7-003E-4E74-A826-53809648E8D8}"
	ProjectSection(SolutionItems) = preProject
		Attribution.md = Attribution.md
		.github\contributing.md = .github\contributing.md
		LICENSE = LICENSE
		package.json = package.json
		PrivacyPolicy.md = PrivacyPolicy.md
		README.md = README.md
		.github\SECURITY.md = .github\SECURITY.md
	EndProjectSection
EndProject
Project("{2150E333-8FDC-42A3-9474-1A3956D46DE8}") = ".github", ".github", "{85ABF586-53C4-4EE9-9856-CA68F06E7DB7}"
	ProjectSection(SolutionItems) = preProject
		.github\workflows\ci.yml = .github\workflows\ci.yml
		.github\workflows\prepare_release.yml = .github\workflows\prepare_release.yml
		stale.yml = stale.yml
	EndProjectSection
EndProject
Project("{9A19103F-16F7-4668-BE54-9A1E7A4F7556}") = "GrampsView", "GrampsView\GrampsView.csproj", "{AF938AFB-7B6A-457F-809D-794AD8EABAA0}"
EndProject
Project("{FAE04EC0-301F-11D3-BF4B-00C04F79EFBC}") = "GrampsView.Android", "GrampsView.Android\GrampsView.Android.csproj", "{215E037D-5085-4922-9BBF-84352D620A39}"
EndProject
Project("{FAE04EC0-301F-11D3-BF4B-00C04F79EFBC}") = "GrampsView.iOS", "GrampsView.iOS\GrampsView.iOS.csproj", "{2B89A712-6A2B-466C-9730-5B0890A17EE4}"
EndProject
Project("{FAE04EC0-301F-11D3-BF4B-00C04F79EFBC}") = "GrampsView.UWP", "GrampsView.UWP\GrampsView.UWP.csproj", "{C9E3D22C-DD30-4D5D-9CDE-99C1CC514105}"
EndProject
Project("{2150E333-8FDC-42A3-9474-1A3956D46DE8}") = ".azure", ".azure", "{DED7DEDD-08DC-4C3E-8916-2B8716D6225B}"
EndProject
Project("{2150E333-8FDC-42A3-9474-1A3956D46DE8}") = "android", "android", "{7C31E1EB-39E7-4ED7-A9D7-69FBC5B2B0C2}"
	ProjectSection(SolutionItems) = preProject
		.azure\android\azure-pipeline-android-vstest.yml = .azure\android\azure-pipeline-android-vstest.yml
		.azure\android\azure-pipeline-android.yml = .azure\android\azure-pipeline-android.yml
		.azure\android\azure-pipeline-test.yml = .azure\android\azure-pipeline-test.yml
		.azure\android\azure-pipelinetemplate-build-android-aab.yml = .azure\android\azure-pipelinetemplate-build-android-aab.yml
		.azure\android\azure-pipelinetemplate-build-android-apk.yml = .azure\android\azure-pipelinetemplate-build-android-apk.yml
		.azure\android\azure-pipelinetemplate-build-android.yml = .azure\android\azure-pipelinetemplate-build-android.yml
	EndProjectSection
EndProject
Project("{2150E333-8FDC-42A3-9474-1A3956D46DE8}") = "uwp", "uwp", "{900BFD12-F957-4C93-BB2F-97B73C59B04A}"
	ProjectSection(SolutionItems) = preProject
		.azure\uwp\azure-pipeline-uwp-store.yml = .azure\uwp\azure-pipeline-uwp-store.yml
		.azure\uwp\azure-pipeline-uwp.yml = .azure\uwp\azure-pipeline-uwp.yml
		.azure\uwp\azure-pipelinetemplate-build-uwp.yml = .azure\uwp\azure-pipelinetemplate-build-uwp.yml
	EndProjectSection
EndProject
Project("{2150E333-8FDC-42A3-9474-1A3956D46DE8}") = "ios", "ios", "{83278400-2519-4D66-9E04-C120CF55C96B}"
	ProjectSection(SolutionItems) = preProject
		.azure\ios\azure-pipeline-ios.yml = .azure\ios\azure-pipeline-ios.yml
	EndProjectSection
EndProject
Project("{9A19103F-16F7-4668-BE54-9A1E7A4F7556}") = "GrampsView.NUnit.Test", "GrampsView.NUnit.Test\GrampsView.NUnit.Test.csproj", "{F4906B34-4C3E-4457-A0D7-05A0E0B2C713}"
EndProject
Project("{2150E333-8FDC-42A3-9474-1A3956D46DE8}") = "xamarin", "xamarin", "{E252B578-523F-484F-AA26-310B70F983A1}"
	ProjectSection(SolutionItems) = preProject
		.azure\uwp\azure-pipeline-xam-nunit.yml = .azure\uwp\azure-pipeline-xam-nunit.yml
	EndProjectSection
EndProject
Global
	GlobalSection(SolutionConfigurationPlatforms) = preSolution
		Debug|Any CPU = Debug|Any CPU
		Debug|ARM = Debug|ARM
		Debug|ARM64 = Debug|ARM64
		Debug|iPhone = Debug|iPhone
		Debug|iPhoneSimulator = Debug|iPhoneSimulator
		Debug|x64 = Debug|x64
		Debug|x86 = Debug|x86
		Release|Any CPU = Release|Any CPU
		Release|ARM = Release|ARM
		Release|ARM64 = Release|ARM64
		Release|iPhone = Release|iPhone
		Release|iPhoneSimulator = Release|iPhoneSimulator
		Release|x64 = Release|x64
		Release|x86 = Release|x86
	EndGlobalSection
	GlobalSection(ProjectConfigurationPlatforms) = postSolution
		{AF938AFB-7B6A-457F-809D-794AD8EABAA0}.Debug|Any CPU.ActiveCfg = Debug|Any CPU
		{AF938AFB-7B6A-457F-809D-794AD8EABAA0}.Debug|Any CPU.Build.0 = Debug|Any CPU
		{AF938AFB-7B6A-457F-809D-794AD8EABAA0}.Debug|ARM.ActiveCfg = Debug|Any CPU
		{AF938AFB-7B6A-457F-809D-794AD8EABAA0}.Debug|ARM.Build.0 = Debug|Any CPU
		{AF938AFB-7B6A-457F-809D-794AD8EABAA0}.Debug|ARM64.ActiveCfg = Debug|Any CPU
		{AF938AFB-7B6A-457F-809D-794AD8EABAA0}.Debug|ARM64.Build.0 = Debug|Any CPU
		{AF938AFB-7B6A-457F-809D-794AD8EABAA0}.Debug|iPhone.ActiveCfg = Debug|Any CPU
		{AF938AFB-7B6A-457F-809D-794AD8EABAA0}.Debug|iPhone.Build.0 = Debug|Any CPU
		{AF938AFB-7B6A-457F-809D-794AD8EABAA0}.Debug|iPhoneSimulator.ActiveCfg = Debug|Any CPU
		{AF938AFB-7B6A-457F-809D-794AD8EABAA0}.Debug|iPhoneSimulator.Build.0 = Debug|Any CPU
		{AF938AFB-7B6A-457F-809D-794AD8EABAA0}.Debug|x64.ActiveCfg = Debug|Any CPU
		{AF938AFB-7B6A-457F-809D-794AD8EABAA0}.Debug|x64.Build.0 = Debug|Any CPU
		{AF938AFB-7B6A-457F-809D-794AD8EABAA0}.Debug|x86.ActiveCfg = Debug|Any CPU
		{AF938AFB-7B6A-457F-809D-794AD8EABAA0}.Debug|x86.Build.0 = Debug|Any CPU
		{AF938AFB-7B6A-457F-809D-794AD8EABAA0}.Release|Any CPU.ActiveCfg = Release|Any CPU
		{AF938AFB-7B6A-457F-809D-794AD8EABAA0}.Release|Any CPU.Build.0 = Release|Any CPU
		{AF938AFB-7B6A-457F-809D-794AD8EABAA0}.Release|ARM.ActiveCfg = Release|Any CPU
		{AF938AFB-7B6A-457F-809D-794AD8EABAA0}.Release|ARM.Build.0 = Release|Any CPU
		{AF938AFB-7B6A-457F-809D-794AD8EABAA0}.Release|ARM64.ActiveCfg = Release|Any CPU
		{AF938AFB-7B6A-457F-809D-794AD8EABAA0}.Release|ARM64.Build.0 = Release|Any CPU
		{AF938AFB-7B6A-457F-809D-794AD8EABAA0}.Release|iPhone.ActiveCfg = Release|Any CPU
		{AF938AFB-7B6A-457F-809D-794AD8EABAA0}.Release|iPhone.Build.0 = Release|Any CPU
		{AF938AFB-7B6A-457F-809D-794AD8EABAA0}.Release|iPhoneSimulator.ActiveCfg = Release|Any CPU
		{AF938AFB-7B6A-457F-809D-794AD8EABAA0}.Release|iPhoneSimulator.Build.0 = Release|Any CPU
		{AF938AFB-7B6A-457F-809D-794AD8EABAA0}.Release|x64.ActiveCfg = Release|Any CPU
		{AF938AFB-7B6A-457F-809D-794AD8EABAA0}.Release|x64.Build.0 = Release|Any CPU
		{AF938AFB-7B6A-457F-809D-794AD8EABAA0}.Release|x86.ActiveCfg = Release|Any CPU
		{AF938AFB-7B6A-457F-809D-794AD8EABAA0}.Release|x86.Build.0 = Release|Any CPU
		{215E037D-5085-4922-9BBF-84352D620A39}.Debug|Any CPU.ActiveCfg = Debug|Any CPU
		{215E037D-5085-4922-9BBF-84352D620A39}.Debug|Any CPU.Build.0 = Debug|Any CPU
		{215E037D-5085-4922-9BBF-84352D620A39}.Debug|Any CPU.Deploy.0 = Debug|Any CPU
		{215E037D-5085-4922-9BBF-84352D620A39}.Debug|ARM.ActiveCfg = Debug|Any CPU
		{215E037D-5085-4922-9BBF-84352D620A39}.Debug|ARM.Build.0 = Debug|Any CPU
		{215E037D-5085-4922-9BBF-84352D620A39}.Debug|ARM.Deploy.0 = Debug|Any CPU
		{215E037D-5085-4922-9BBF-84352D620A39}.Debug|ARM64.ActiveCfg = Debug|Any CPU
		{215E037D-5085-4922-9BBF-84352D620A39}.Debug|ARM64.Build.0 = Debug|Any CPU
		{215E037D-5085-4922-9BBF-84352D620A39}.Debug|ARM64.Deploy.0 = Debug|Any CPU
		{215E037D-5085-4922-9BBF-84352D620A39}.Debug|iPhone.ActiveCfg = Debug|Any CPU
		{215E037D-5085-4922-9BBF-84352D620A39}.Debug|iPhone.Build.0 = Debug|Any CPU
		{215E037D-5085-4922-9BBF-84352D620A39}.Debug|iPhone.Deploy.0 = Debug|Any CPU
		{215E037D-5085-4922-9BBF-84352D620A39}.Debug|iPhoneSimulator.ActiveCfg = Debug|Any CPU
		{215E037D-5085-4922-9BBF-84352D620A39}.Debug|iPhoneSimulator.Build.0 = Debug|Any CPU
		{215E037D-5085-4922-9BBF-84352D620A39}.Debug|iPhoneSimulator.Deploy.0 = Debug|Any CPU
		{215E037D-5085-4922-9BBF-84352D620A39}.Debug|x64.ActiveCfg = Debug|Any CPU
		{215E037D-5085-4922-9BBF-84352D620A39}.Debug|x64.Build.0 = Debug|Any CPU
		{215E037D-5085-4922-9BBF-84352D620A39}.Debug|x64.Deploy.0 = Debug|Any CPU
		{215E037D-5085-4922-9BBF-84352D620A39}.Debug|x86.ActiveCfg = Debug|Any CPU
		{215E037D-5085-4922-9BBF-84352D620A39}.Debug|x86.Build.0 = Debug|Any CPU
		{215E037D-5085-4922-9BBF-84352D620A39}.Debug|x86.Deploy.0 = Debug|Any CPU
		{215E037D-5085-4922-9BBF-84352D620A39}.Release|Any CPU.ActiveCfg = Release|Any CPU
		{215E037D-5085-4922-9BBF-84352D620A39}.Release|Any CPU.Build.0 = Release|Any CPU
		{215E037D-5085-4922-9BBF-84352D620A39}.Release|Any CPU.Deploy.0 = Release|Any CPU
		{215E037D-5085-4922-9BBF-84352D620A39}.Release|ARM.ActiveCfg = Release|Any CPU
		{215E037D-5085-4922-9BBF-84352D620A39}.Release|ARM.Build.0 = Release|Any CPU
		{215E037D-5085-4922-9BBF-84352D620A39}.Release|ARM.Deploy.0 = Release|Any CPU
		{215E037D-5085-4922-9BBF-84352D620A39}.Release|ARM64.ActiveCfg = Release|Any CPU
		{215E037D-5085-4922-9BBF-84352D620A39}.Release|ARM64.Build.0 = Release|Any CPU
		{215E037D-5085-4922-9BBF-84352D620A39}.Release|ARM64.Deploy.0 = Release|Any CPU
		{215E037D-5085-4922-9BBF-84352D620A39}.Release|iPhone.ActiveCfg = Release|Any CPU
		{215E037D-5085-4922-9BBF-84352D620A39}.Release|iPhone.Build.0 = Release|Any CPU
		{215E037D-5085-4922-9BBF-84352D620A39}.Release|iPhone.Deploy.0 = Release|Any CPU
		{215E037D-5085-4922-9BBF-84352D620A39}.Release|iPhoneSimulator.ActiveCfg = Release|Any CPU
		{215E037D-5085-4922-9BBF-84352D620A39}.Release|iPhoneSimulator.Build.0 = Release|Any CPU
		{215E037D-5085-4922-9BBF-84352D620A39}.Release|iPhoneSimulator.Deploy.0 = Release|Any CPU
		{215E037D-5085-4922-9BBF-84352D620A39}.Release|x64.ActiveCfg = Release|Any CPU
		{215E037D-5085-4922-9BBF-84352D620A39}.Release|x64.Build.0 = Release|Any CPU
		{215E037D-5085-4922-9BBF-84352D620A39}.Release|x64.Deploy.0 = Release|Any CPU
		{215E037D-5085-4922-9BBF-84352D620A39}.Release|x86.ActiveCfg = Release|Any CPU
		{215E037D-5085-4922-9BBF-84352D620A39}.Release|x86.Build.0 = Release|Any CPU
		{215E037D-5085-4922-9BBF-84352D620A39}.Release|x86.Deploy.0 = Release|Any CPU
		{2B89A712-6A2B-466C-9730-5B0890A17EE4}.Debug|Any CPU.ActiveCfg = Debug|iPhone
		{2B89A712-6A2B-466C-9730-5B0890A17EE4}.Debug|ARM.ActiveCfg = Debug|iPhone
		{2B89A712-6A2B-466C-9730-5B0890A17EE4}.Debug|ARM64.ActiveCfg = Debug|iPhoneSimulator
		{2B89A712-6A2B-466C-9730-5B0890A17EE4}.Debug|iPhone.ActiveCfg = Debug|iPhone
		{2B89A712-6A2B-466C-9730-5B0890A17EE4}.Debug|iPhone.Build.0 = Debug|iPhone
		{2B89A712-6A2B-466C-9730-5B0890A17EE4}.Debug|iPhoneSimulator.ActiveCfg = Debug|iPhoneSimulator
		{2B89A712-6A2B-466C-9730-5B0890A17EE4}.Debug|iPhoneSimulator.Build.0 = Debug|iPhoneSimulator
		{2B89A712-6A2B-466C-9730-5B0890A17EE4}.Debug|x64.ActiveCfg = Debug|iPhone
		{2B89A712-6A2B-466C-9730-5B0890A17EE4}.Debug|x86.ActiveCfg = Debug|iPhone
		{2B89A712-6A2B-466C-9730-5B0890A17EE4}.Release|Any CPU.ActiveCfg = Release|iPhone
		{2B89A712-6A2B-466C-9730-5B0890A17EE4}.Release|ARM.ActiveCfg = Release|iPhone
		{2B89A712-6A2B-466C-9730-5B0890A17EE4}.Release|ARM64.ActiveCfg = Release|iPhoneSimulator
		{2B89A712-6A2B-466C-9730-5B0890A17EE4}.Release|iPhone.ActiveCfg = Release|iPhone
		{2B89A712-6A2B-466C-9730-5B0890A17EE4}.Release|iPhone.Build.0 = Release|iPhone
		{2B89A712-6A2B-466C-9730-5B0890A17EE4}.Release|iPhoneSimulator.ActiveCfg = Release|iPhoneSimulator
		{2B89A712-6A2B-466C-9730-5B0890A17EE4}.Release|iPhoneSimulator.Build.0 = Release|iPhoneSimulator
		{2B89A712-6A2B-466C-9730-5B0890A17EE4}.Release|x64.ActiveCfg = Release|iPhone
		{2B89A712-6A2B-466C-9730-5B0890A17EE4}.Release|x86.ActiveCfg = Release|iPhone
		{C9E3D22C-DD30-4D5D-9CDE-99C1CC514105}.Debug|Any CPU.ActiveCfg = Debug|x64
		{C9E3D22C-DD30-4D5D-9CDE-99C1CC514105}.Debug|Any CPU.Build.0 = Debug|x64
		{C9E3D22C-DD30-4D5D-9CDE-99C1CC514105}.Debug|Any CPU.Deploy.0 = Debug|x64
		{C9E3D22C-DD30-4D5D-9CDE-99C1CC514105}.Debug|ARM.ActiveCfg = Debug|ARM
		{C9E3D22C-DD30-4D5D-9CDE-99C1CC514105}.Debug|ARM.Build.0 = Debug|ARM
		{C9E3D22C-DD30-4D5D-9CDE-99C1CC514105}.Debug|ARM.Deploy.0 = Debug|ARM
		{C9E3D22C-DD30-4D5D-9CDE-99C1CC514105}.Debug|ARM64.ActiveCfg = Debug|x86
		{C9E3D22C-DD30-4D5D-9CDE-99C1CC514105}.Debug|iPhone.ActiveCfg = Debug|x86
		{C9E3D22C-DD30-4D5D-9CDE-99C1CC514105}.Debug|iPhoneSimulator.ActiveCfg = Debug|x86
		{C9E3D22C-DD30-4D5D-9CDE-99C1CC514105}.Debug|x64.ActiveCfg = Debug|x64
		{C9E3D22C-DD30-4D5D-9CDE-99C1CC514105}.Debug|x64.Build.0 = Debug|x64
		{C9E3D22C-DD30-4D5D-9CDE-99C1CC514105}.Debug|x64.Deploy.0 = Debug|x64
		{C9E3D22C-DD30-4D5D-9CDE-99C1CC514105}.Debug|x86.ActiveCfg = Debug|x86
		{C9E3D22C-DD30-4D5D-9CDE-99C1CC514105}.Debug|x86.Build.0 = Debug|x86
		{C9E3D22C-DD30-4D5D-9CDE-99C1CC514105}.Debug|x86.Deploy.0 = Debug|x86
		{C9E3D22C-DD30-4D5D-9CDE-99C1CC514105}.Release|Any CPU.ActiveCfg = Release|x86
		{C9E3D22C-DD30-4D5D-9CDE-99C1CC514105}.Release|Any CPU.Build.0 = Release|x86
		{C9E3D22C-DD30-4D5D-9CDE-99C1CC514105}.Release|Any CPU.Deploy.0 = Release|x86
		{C9E3D22C-DD30-4D5D-9CDE-99C1CC514105}.Release|ARM.ActiveCfg = Release|ARM
		{C9E3D22C-DD30-4D5D-9CDE-99C1CC514105}.Release|ARM.Build.0 = Release|ARM
		{C9E3D22C-DD30-4D5D-9CDE-99C1CC514105}.Release|ARM.Deploy.0 = Release|ARM
		{C9E3D22C-DD30-4D5D-9CDE-99C1CC514105}.Release|ARM64.ActiveCfg = Release|x86
		{C9E3D22C-DD30-4D5D-9CDE-99C1CC514105}.Release|iPhone.ActiveCfg = Release|x86
		{C9E3D22C-DD30-4D5D-9CDE-99C1CC514105}.Release|iPhoneSimulator.ActiveCfg = Release|x86
		{C9E3D22C-DD30-4D5D-9CDE-99C1CC514105}.Release|x64.ActiveCfg = Release|x64
		{C9E3D22C-DD30-4D5D-9CDE-99C1CC514105}.Release|x64.Build.0 = Release|x64
		{C9E3D22C-DD30-4D5D-9CDE-99C1CC514105}.Release|x64.Deploy.0 = Release|x64
		{C9E3D22C-DD30-4D5D-9CDE-99C1CC514105}.Release|x86.ActiveCfg = Release|x86
		{C9E3D22C-DD30-4D5D-9CDE-99C1CC514105}.Release|x86.Build.0 = Release|x86
		{C9E3D22C-DD30-4D5D-9CDE-99C1CC514105}.Release|x86.Deploy.0 = Release|x86
		{F4906B34-4C3E-4457-A0D7-05A0E0B2C713}.Debug|Any CPU.ActiveCfg = Debug|Any CPU
		{F4906B34-4C3E-4457-A0D7-05A0E0B2C713}.Debug|Any CPU.Build.0 = Debug|Any CPU
		{F4906B34-4C3E-4457-A0D7-05A0E0B2C713}.Debug|ARM.ActiveCfg = Debug|Any CPU
		{F4906B34-4C3E-4457-A0D7-05A0E0B2C713}.Debug|ARM.Build.0 = Debug|Any CPU
		{F4906B34-4C3E-4457-A0D7-05A0E0B2C713}.Debug|ARM64.ActiveCfg = Debug|Any CPU
		{F4906B34-4C3E-4457-A0D7-05A0E0B2C713}.Debug|ARM64.Build.0 = Debug|Any CPU
		{F4906B34-4C3E-4457-A0D7-05A0E0B2C713}.Debug|iPhone.ActiveCfg = Debug|Any CPU
		{F4906B34-4C3E-4457-A0D7-05A0E0B2C713}.Debug|iPhone.Build.0 = Debug|Any CPU
		{F4906B34-4C3E-4457-A0D7-05A0E0B2C713}.Debug|iPhoneSimulator.ActiveCfg = Debug|Any CPU
		{F4906B34-4C3E-4457-A0D7-05A0E0B2C713}.Debug|iPhoneSimulator.Build.0 = Debug|Any CPU
		{F4906B34-4C3E-4457-A0D7-05A0E0B2C713}.Debug|x64.ActiveCfg = Debug|Any CPU
		{F4906B34-4C3E-4457-A0D7-05A0E0B2C713}.Debug|x64.Build.0 = Debug|Any CPU
		{F4906B34-4C3E-4457-A0D7-05A0E0B2C713}.Debug|x86.ActiveCfg = Debug|Any CPU
		{F4906B34-4C3E-4457-A0D7-05A0E0B2C713}.Debug|x86.Build.0 = Debug|Any CPU
		{F4906B34-4C3E-4457-A0D7-05A0E0B2C713}.Release|Any CPU.ActiveCfg = Release|Any CPU
		{F4906B34-4C3E-4457-A0D7-05A0E0B2C713}.Release|Any CPU.Build.0 = Release|Any CPU
		{F4906B34-4C3E-4457-A0D7-05A0E0B2C713}.Release|ARM.ActiveCfg = Release|Any CPU
		{F4906B34-4C3E-4457-A0D7-05A0E0B2C713}.Release|ARM.Build.0 = Release|Any CPU
		{F4906B34-4C3E-4457-A0D7-05A0E0B2C713}.Release|ARM64.ActiveCfg = Release|Any CPU
		{F4906B34-4C3E-4457-A0D7-05A0E0B2C713}.Release|ARM64.Build.0 = Release|Any CPU
		{F4906B34-4C3E-4457-A0D7-05A0E0B2C713}.Release|iPhone.ActiveCfg = Release|Any CPU
		{F4906B34-4C3E-4457-A0D7-05A0E0B2C713}.Release|iPhone.Build.0 = Release|Any CPU
		{F4906B34-4C3E-4457-A0D7-05A0E0B2C713}.Release|iPhoneSimulator.ActiveCfg = Release|Any CPU
		{F4906B34-4C3E-4457-A0D7-05A0E0B2C713}.Release|iPhoneSimulator.Build.0 = Release|Any CPU
		{F4906B34-4C3E-4457-A0D7-05A0E0B2C713}.Release|x64.ActiveCfg = Release|Any CPU
		{F4906B34-4C3E-4457-A0D7-05A0E0B2C713}.Release|x64.Build.0 = Release|Any CPU
		{F4906B34-4C3E-4457-A0D7-05A0E0B2C713}.Release|x86.ActiveCfg = Release|Any CPU
		{F4906B34-4C3E-4457-A0D7-05A0E0B2C713}.Release|x86.Build.0 = Release|Any CPU
	EndGlobalSection
	GlobalSection(SolutionProperties) = preSolution
		HideSolutionNode = FALSE
	EndGlobalSection
	GlobalSection(NestedProjects) = preSolution
		{85ABF586-53C4-4EE9-9856-CA68F06E7DB7} = {290510A7-003E-4E74-A826-53809648E8D8}
		{DED7DEDD-08DC-4C3E-8916-2B8716D6225B} = {290510A7-003E-4E74-A826-53809648E8D8}
		{7C31E1EB-39E7-4ED7-A9D7-69FBC5B2B0C2} = {DED7DEDD-08DC-4C3E-8916-2B8716D6225B}
		{900BFD12-F957-4C93-BB2F-97B73C59B04A} = {DED7DEDD-08DC-4C3E-8916-2B8716D6225B}
		{83278400-2519-4D66-9E04-C120CF55C96B} = {DED7DEDD-08DC-4C3E-8916-2B8716D6225B}
		{E252B578-523F-484F-AA26-310B70F983A1} = {DED7DEDD-08DC-4C3E-8916-2B8716D6225B}
	EndGlobalSection
	GlobalSection(ExtensibilityGlobals) = postSolution
		SolutionGuid = {502FD67F-00F9-4B7A-9533-2C93F4DB03E0}
	EndGlobalSection
EndGlobal
