
Microsoft Visual Studio Solution File, Format Version 12.00
# Visual Studio Version 17
VisualStudioVersion = 17.0.31912.275
MinimumVisualStudioVersion = 10.0.40219.1
Project("{9A19103F-16F7-4668-BE54-9A1E7A4F7556}") = "GrampsView", "GrampsView\GrampsView.csproj", "{54EAF1E8-E560-4A93-8206-263171B8900D}"
EndProject
Project("{FAE04EC0-301F-11D3-BF4B-00C04F79EFBC}") = "GrampsView.iOS", "GrampsView.iOS\GrampsView.iOS.csproj", "{2B89A712-6A2B-466C-9730-5B0890A17EE4}"
EndProject
Project("{FAE04EC0-301F-11D3-BF4B-00C04F79EFBC}") = "GrampsView.UWP", "GrampsView.UWP\GrampsView.UWP.csproj", "{C9E3D22C-DD30-4D5D-9CDE-99C1CC514105}"
EndProject
Project("{2150E333-8FDC-42A3-9474-1A3956D46DE8}") = "Solution Items", "Solution Items", "{4E56C56F-B9F2-4B6A-8D92-C96B523CC949}"
	ProjectSection(SolutionItems) = preProject
		.editorconfig = .editorconfig
		CHANGELOG.md = CHANGELOG.md
		Commit coding rules.md = Commit coding rules.md
		.github\contributing.md = .github\contributing.md
		.test data\GrampsView Test Basic.gpkg = .test data\GrampsView Test Basic.gpkg
		LICENSE = LICENSE
		NuGet.config = NuGet.config
		package.json = package.json
		PrivacyPolicy.md = PrivacyPolicy.md
		README.md = README.md
		SECURITY.md = SECURITY.md
		.privatenuget\SignList.xml = .privatenuget\SignList.xml
		Usage Tips.md = Usage Tips.md
	EndProjectSection
EndProject
Project("{2150E333-8FDC-42A3-9474-1A3956D46DE8}") = ".azure", ".azure", "{F161B48C-2D99-4498-97DF-136E379816A4}"
EndProject
Project("{2150E333-8FDC-42A3-9474-1A3956D46DE8}") = "android", "android", "{AEA674AD-4F61-4588-BEE8-D463C57E2BF1}"
	ProjectSection(SolutionItems) = preProject
		.azure\android\azure-pipeline-android-vstest.yml = .azure\android\azure-pipeline-android-vstest.yml
		.azure\android\azure-pipeline-android.yml = .azure\android\azure-pipeline-android.yml
		.azure\android\azure-pipeline-test.yml = .azure\android\azure-pipeline-test.yml
	EndProjectSection
EndProject
Project("{2150E333-8FDC-42A3-9474-1A3956D46DE8}") = "ios", "ios", "{9001E1F9-1650-4E0F-BE28-57C16727A4A4}"
	ProjectSection(SolutionItems) = preProject
		.azure\ios\azure-pipeline-ios.yml = .azure\ios\azure-pipeline-ios.yml
	EndProjectSection
EndProject
Project("{2150E333-8FDC-42A3-9474-1A3956D46DE8}") = "uwp", "uwp", "{D48CC23A-5C6D-4C1C-8396-EA84260E90BC}"
	ProjectSection(SolutionItems) = preProject
		.azure\uwp\azure-pipeline-uwp-store.yml = .azure\uwp\azure-pipeline-uwp-store.yml
		.azure\uwp\azure-pipeline-uwp.yml = .azure\uwp\azure-pipeline-uwp.yml
	EndProjectSection
EndProject
Project("{2150E333-8FDC-42A3-9474-1A3956D46DE8}") = "xamarin", "xamarin", "{23F10156-2581-4430-89BE-6871D70BD4FB}"
	ProjectSection(SolutionItems) = preProject
		.azure\xamarin\azure-pipeline-xam-e2e.yml = .azure\xamarin\azure-pipeline-xam-e2e.yml
		.azure\xamarin\azure-pipeline-xam-nunit.yml = .azure\xamarin\azure-pipeline-xam-nunit.yml
		.azure\xamarin\azure-pipelinetemplate-build-nunit.yml = .azure\xamarin\azure-pipelinetemplate-build-nunit.yml
	EndProjectSection
EndProject
Project("{2150E333-8FDC-42A3-9474-1A3956D46DE8}") = ".github", ".github", "{6FF772D0-B54F-4526-9FF6-535E9ED88E14}"
	ProjectSection(SolutionItems) = preProject
		.github\workflows\ci.yml = .github\workflows\ci.yml
		.github\workflows\prepare_release.yml = .github\workflows\prepare_release.yml
		.github\workflows\stale.yml = .github\workflows\stale.yml
	EndProjectSection
EndProject
Project("{9A19103F-16F7-4668-BE54-9A1E7A4F7556}") = "GrampsView.Test.NUnit", "GrampsView.Test.NUnit\GrampsView.Test.NUnit.csproj", "{4469FD17-D2AB-43FD-8EA5-3EC5942A5A11}"
EndProject
Project("{9A19103F-16F7-4668-BE54-9A1E7A4F7556}") = "GrampsView.Test.e2e", "GrampsView.Test.e2et\GrampsView.Test.e2e.csproj", "{CEB8843C-EAD4-425C-BBB1-4ADDD93B6672}"
EndProject
Project("{D954291E-2A0B-460D-934E-DC6B0785DB48}") = "SharedSharp", "SharedSharp\SharedSharp\SharedSharp.shproj", "{C6F4232F-922C-494B-AE39-8A65D6C89DA9}"
EndProject
Project("{FAE04EC0-301F-11D3-BF4B-00C04F79EFBC}") = "GrampsView.Droid", "GrampsView.Droid\GrampsView.Droid.csproj", "{3651F099-4475-42DF-AB9C-115BECEEB8EB}"
EndProject
Global
	GlobalSection(SharedMSBuildProjectFiles) = preSolution
		SharedSharp\SharedSharp\SharedSharp.projitems*{54eaf1e8-e560-4a93-8206-263171b8900d}*SharedItemsImports = 5
		SharedSharp\SharedSharp\SharedSharp.projitems*{c6f4232f-922c-494b-ae39-8a65d6c89da9}*SharedItemsImports = 13
	EndGlobalSection
	GlobalSection(SolutionConfigurationPlatforms) = preSolution
		Debug|Any CPU = Debug|Any CPU
		Debug|ARM = Debug|ARM
		Debug|iPhone = Debug|iPhone
		Debug|iPhoneSimulator = Debug|iPhoneSimulator
		Debug|x64 = Debug|x64
		Debug|x86 = Debug|x86
		GooglePlay|Any CPU = GooglePlay|Any CPU
		GooglePlay|ARM = GooglePlay|ARM
		GooglePlay|iPhone = GooglePlay|iPhone
		GooglePlay|iPhoneSimulator = GooglePlay|iPhoneSimulator
		GooglePlay|x64 = GooglePlay|x64
		GooglePlay|x86 = GooglePlay|x86
		Release|Any CPU = Release|Any CPU
		Release|ARM = Release|ARM
		Release|iPhone = Release|iPhone
		Release|iPhoneSimulator = Release|iPhoneSimulator
		Release|x64 = Release|x64
		Release|x86 = Release|x86
		Unit Test|Any CPU = Unit Test|Any CPU
		Unit Test|ARM = Unit Test|ARM
		Unit Test|iPhone = Unit Test|iPhone
		Unit Test|iPhoneSimulator = Unit Test|iPhoneSimulator
		Unit Test|x64 = Unit Test|x64
		Unit Test|x86 = Unit Test|x86
	EndGlobalSection
	GlobalSection(ProjectConfigurationPlatforms) = postSolution
		{54EAF1E8-E560-4A93-8206-263171B8900D}.Debug|Any CPU.ActiveCfg = Debug|Any CPU
		{54EAF1E8-E560-4A93-8206-263171B8900D}.Debug|Any CPU.Build.0 = Debug|Any CPU
		{54EAF1E8-E560-4A93-8206-263171B8900D}.Debug|ARM.ActiveCfg = Debug|Any CPU
		{54EAF1E8-E560-4A93-8206-263171B8900D}.Debug|ARM.Build.0 = Debug|Any CPU
		{54EAF1E8-E560-4A93-8206-263171B8900D}.Debug|iPhone.ActiveCfg = Debug|Any CPU
		{54EAF1E8-E560-4A93-8206-263171B8900D}.Debug|iPhone.Build.0 = Debug|Any CPU
		{54EAF1E8-E560-4A93-8206-263171B8900D}.Debug|iPhoneSimulator.ActiveCfg = Debug|Any CPU
		{54EAF1E8-E560-4A93-8206-263171B8900D}.Debug|iPhoneSimulator.Build.0 = Debug|Any CPU
		{54EAF1E8-E560-4A93-8206-263171B8900D}.Debug|x64.ActiveCfg = Debug|Any CPU
		{54EAF1E8-E560-4A93-8206-263171B8900D}.Debug|x86.ActiveCfg = Debug|Any CPU
		{54EAF1E8-E560-4A93-8206-263171B8900D}.Debug|x86.Build.0 = Debug|Any CPU
		{54EAF1E8-E560-4A93-8206-263171B8900D}.GooglePlay|Any CPU.ActiveCfg = Debug|Any CPU
		{54EAF1E8-E560-4A93-8206-263171B8900D}.GooglePlay|Any CPU.Build.0 = Debug|Any CPU
		{54EAF1E8-E560-4A93-8206-263171B8900D}.GooglePlay|ARM.ActiveCfg = Debug|Any CPU
		{54EAF1E8-E560-4A93-8206-263171B8900D}.GooglePlay|ARM.Build.0 = Debug|Any CPU
		{54EAF1E8-E560-4A93-8206-263171B8900D}.GooglePlay|iPhone.ActiveCfg = Debug|Any CPU
		{54EAF1E8-E560-4A93-8206-263171B8900D}.GooglePlay|iPhone.Build.0 = Debug|Any CPU
		{54EAF1E8-E560-4A93-8206-263171B8900D}.GooglePlay|iPhoneSimulator.ActiveCfg = Debug|Any CPU
		{54EAF1E8-E560-4A93-8206-263171B8900D}.GooglePlay|iPhoneSimulator.Build.0 = Debug|Any CPU
		{54EAF1E8-E560-4A93-8206-263171B8900D}.GooglePlay|x64.ActiveCfg = Debug|Any CPU
		{54EAF1E8-E560-4A93-8206-263171B8900D}.GooglePlay|x64.Build.0 = Debug|Any CPU
		{54EAF1E8-E560-4A93-8206-263171B8900D}.GooglePlay|x86.ActiveCfg = Debug|Any CPU
		{54EAF1E8-E560-4A93-8206-263171B8900D}.GooglePlay|x86.Build.0 = Debug|Any CPU
		{54EAF1E8-E560-4A93-8206-263171B8900D}.Release|Any CPU.ActiveCfg = Release|Any CPU
		{54EAF1E8-E560-4A93-8206-263171B8900D}.Release|Any CPU.Build.0 = Release|Any CPU
		{54EAF1E8-E560-4A93-8206-263171B8900D}.Release|ARM.ActiveCfg = Release|Any CPU
		{54EAF1E8-E560-4A93-8206-263171B8900D}.Release|ARM.Build.0 = Release|Any CPU
		{54EAF1E8-E560-4A93-8206-263171B8900D}.Release|iPhone.ActiveCfg = Release|Any CPU
		{54EAF1E8-E560-4A93-8206-263171B8900D}.Release|iPhone.Build.0 = Release|Any CPU
		{54EAF1E8-E560-4A93-8206-263171B8900D}.Release|iPhoneSimulator.ActiveCfg = Release|Any CPU
		{54EAF1E8-E560-4A93-8206-263171B8900D}.Release|iPhoneSimulator.Build.0 = Release|Any CPU
		{54EAF1E8-E560-4A93-8206-263171B8900D}.Release|x64.ActiveCfg = Release|Any CPU
		{54EAF1E8-E560-4A93-8206-263171B8900D}.Release|x64.Build.0 = Release|Any CPU
		{54EAF1E8-E560-4A93-8206-263171B8900D}.Release|x86.ActiveCfg = Release|Any CPU
		{54EAF1E8-E560-4A93-8206-263171B8900D}.Release|x86.Build.0 = Release|Any CPU
		{54EAF1E8-E560-4A93-8206-263171B8900D}.Unit Test|Any CPU.ActiveCfg = Debug|Any CPU
		{54EAF1E8-E560-4A93-8206-263171B8900D}.Unit Test|Any CPU.Build.0 = Debug|Any CPU
		{54EAF1E8-E560-4A93-8206-263171B8900D}.Unit Test|ARM.ActiveCfg = Debug|Any CPU
		{54EAF1E8-E560-4A93-8206-263171B8900D}.Unit Test|ARM.Build.0 = Debug|Any CPU
		{54EAF1E8-E560-4A93-8206-263171B8900D}.Unit Test|iPhone.ActiveCfg = Debug|Any CPU
		{54EAF1E8-E560-4A93-8206-263171B8900D}.Unit Test|iPhone.Build.0 = Debug|Any CPU
		{54EAF1E8-E560-4A93-8206-263171B8900D}.Unit Test|iPhoneSimulator.ActiveCfg = Debug|Any CPU
		{54EAF1E8-E560-4A93-8206-263171B8900D}.Unit Test|iPhoneSimulator.Build.0 = Debug|Any CPU
		{54EAF1E8-E560-4A93-8206-263171B8900D}.Unit Test|x64.ActiveCfg = Debug|Any CPU
		{54EAF1E8-E560-4A93-8206-263171B8900D}.Unit Test|x64.Build.0 = Debug|Any CPU
		{54EAF1E8-E560-4A93-8206-263171B8900D}.Unit Test|x86.ActiveCfg = Debug|Any CPU
		{54EAF1E8-E560-4A93-8206-263171B8900D}.Unit Test|x86.Build.0 = Debug|Any CPU
		{2B89A712-6A2B-466C-9730-5B0890A17EE4}.Debug|Any CPU.ActiveCfg = Debug|iPhoneSimulator
		{2B89A712-6A2B-466C-9730-5B0890A17EE4}.Debug|Any CPU.Build.0 = Debug|iPhoneSimulator
		{2B89A712-6A2B-466C-9730-5B0890A17EE4}.Debug|ARM.ActiveCfg = Debug|iPhoneSimulator
		{2B89A712-6A2B-466C-9730-5B0890A17EE4}.Debug|iPhone.ActiveCfg = Debug|iPhone
		{2B89A712-6A2B-466C-9730-5B0890A17EE4}.Debug|iPhone.Build.0 = Debug|iPhone
		{2B89A712-6A2B-466C-9730-5B0890A17EE4}.Debug|iPhoneSimulator.ActiveCfg = Debug|iPhoneSimulator
		{2B89A712-6A2B-466C-9730-5B0890A17EE4}.Debug|iPhoneSimulator.Build.0 = Debug|iPhoneSimulator
		{2B89A712-6A2B-466C-9730-5B0890A17EE4}.Debug|x64.ActiveCfg = Debug|iPhoneSimulator
		{2B89A712-6A2B-466C-9730-5B0890A17EE4}.Debug|x86.ActiveCfg = Debug|iPhoneSimulator
		{2B89A712-6A2B-466C-9730-5B0890A17EE4}.GooglePlay|Any CPU.ActiveCfg = GooglePlay|iPhoneSimulator
		{2B89A712-6A2B-466C-9730-5B0890A17EE4}.GooglePlay|ARM.ActiveCfg = GooglePlay|iPhoneSimulator
		{2B89A712-6A2B-466C-9730-5B0890A17EE4}.GooglePlay|iPhone.ActiveCfg = GooglePlay|iPhone
		{2B89A712-6A2B-466C-9730-5B0890A17EE4}.GooglePlay|iPhone.Build.0 = GooglePlay|iPhone
		{2B89A712-6A2B-466C-9730-5B0890A17EE4}.GooglePlay|iPhoneSimulator.ActiveCfg = GooglePlay|iPhoneSimulator
		{2B89A712-6A2B-466C-9730-5B0890A17EE4}.GooglePlay|iPhoneSimulator.Build.0 = GooglePlay|iPhoneSimulator
		{2B89A712-6A2B-466C-9730-5B0890A17EE4}.GooglePlay|x64.ActiveCfg = GooglePlay|iPhoneSimulator
		{2B89A712-6A2B-466C-9730-5B0890A17EE4}.GooglePlay|x86.ActiveCfg = GooglePlay|iPhoneSimulator
		{2B89A712-6A2B-466C-9730-5B0890A17EE4}.Release|Any CPU.ActiveCfg = Release|iPhoneSimulator
		{2B89A712-6A2B-466C-9730-5B0890A17EE4}.Release|Any CPU.Build.0 = Release|iPhoneSimulator
		{2B89A712-6A2B-466C-9730-5B0890A17EE4}.Release|ARM.ActiveCfg = Release|iPhoneSimulator
		{2B89A712-6A2B-466C-9730-5B0890A17EE4}.Release|iPhone.ActiveCfg = Release|iPhone
		{2B89A712-6A2B-466C-9730-5B0890A17EE4}.Release|iPhone.Build.0 = Release|iPhone
		{2B89A712-6A2B-466C-9730-5B0890A17EE4}.Release|iPhoneSimulator.ActiveCfg = Release|iPhoneSimulator
		{2B89A712-6A2B-466C-9730-5B0890A17EE4}.Release|iPhoneSimulator.Build.0 = Release|iPhoneSimulator
		{2B89A712-6A2B-466C-9730-5B0890A17EE4}.Release|x64.ActiveCfg = Release|iPhoneSimulator
		{2B89A712-6A2B-466C-9730-5B0890A17EE4}.Release|x86.ActiveCfg = Release|iPhoneSimulator
		{2B89A712-6A2B-466C-9730-5B0890A17EE4}.Unit Test|Any CPU.ActiveCfg = Unit Test|iPhoneSimulator
		{2B89A712-6A2B-466C-9730-5B0890A17EE4}.Unit Test|ARM.ActiveCfg = Unit Test|iPhoneSimulator
		{2B89A712-6A2B-466C-9730-5B0890A17EE4}.Unit Test|iPhone.ActiveCfg = Unit Test|iPhone
		{2B89A712-6A2B-466C-9730-5B0890A17EE4}.Unit Test|iPhone.Build.0 = Unit Test|iPhone
		{2B89A712-6A2B-466C-9730-5B0890A17EE4}.Unit Test|iPhoneSimulator.ActiveCfg = Unit Test|iPhoneSimulator
		{2B89A712-6A2B-466C-9730-5B0890A17EE4}.Unit Test|iPhoneSimulator.Build.0 = Unit Test|iPhoneSimulator
		{2B89A712-6A2B-466C-9730-5B0890A17EE4}.Unit Test|x64.ActiveCfg = Unit Test|iPhoneSimulator
		{2B89A712-6A2B-466C-9730-5B0890A17EE4}.Unit Test|x86.ActiveCfg = Unit Test|iPhoneSimulator
		{C9E3D22C-DD30-4D5D-9CDE-99C1CC514105}.Debug|Any CPU.ActiveCfg = Debug|x64
		{C9E3D22C-DD30-4D5D-9CDE-99C1CC514105}.Debug|Any CPU.Build.0 = Debug|x64
		{C9E3D22C-DD30-4D5D-9CDE-99C1CC514105}.Debug|Any CPU.Deploy.0 = Debug|x64
		{C9E3D22C-DD30-4D5D-9CDE-99C1CC514105}.Debug|ARM.ActiveCfg = Debug|ARM
		{C9E3D22C-DD30-4D5D-9CDE-99C1CC514105}.Debug|ARM.Build.0 = Debug|ARM
		{C9E3D22C-DD30-4D5D-9CDE-99C1CC514105}.Debug|ARM.Deploy.0 = Debug|ARM
		{C9E3D22C-DD30-4D5D-9CDE-99C1CC514105}.Debug|iPhone.ActiveCfg = Debug|x86
		{C9E3D22C-DD30-4D5D-9CDE-99C1CC514105}.Debug|iPhoneSimulator.ActiveCfg = Debug|x86
		{C9E3D22C-DD30-4D5D-9CDE-99C1CC514105}.Debug|x64.ActiveCfg = Debug|x64
		{C9E3D22C-DD30-4D5D-9CDE-99C1CC514105}.Debug|x64.Build.0 = Debug|x64
		{C9E3D22C-DD30-4D5D-9CDE-99C1CC514105}.Debug|x64.Deploy.0 = Debug|x64
		{C9E3D22C-DD30-4D5D-9CDE-99C1CC514105}.Debug|x86.ActiveCfg = Debug|x86
		{C9E3D22C-DD30-4D5D-9CDE-99C1CC514105}.Debug|x86.Build.0 = Debug|x86
		{C9E3D22C-DD30-4D5D-9CDE-99C1CC514105}.Debug|x86.Deploy.0 = Debug|x86
		{C9E3D22C-DD30-4D5D-9CDE-99C1CC514105}.GooglePlay|Any CPU.ActiveCfg = GooglePlay|x86
		{C9E3D22C-DD30-4D5D-9CDE-99C1CC514105}.GooglePlay|ARM.ActiveCfg = GooglePlay|ARM
		{C9E3D22C-DD30-4D5D-9CDE-99C1CC514105}.GooglePlay|ARM.Build.0 = GooglePlay|ARM
		{C9E3D22C-DD30-4D5D-9CDE-99C1CC514105}.GooglePlay|ARM.Deploy.0 = GooglePlay|ARM
		{C9E3D22C-DD30-4D5D-9CDE-99C1CC514105}.GooglePlay|iPhone.ActiveCfg = GooglePlay|x86
		{C9E3D22C-DD30-4D5D-9CDE-99C1CC514105}.GooglePlay|iPhoneSimulator.ActiveCfg = GooglePlay|x86
		{C9E3D22C-DD30-4D5D-9CDE-99C1CC514105}.GooglePlay|x64.ActiveCfg = GooglePlay|x64
		{C9E3D22C-DD30-4D5D-9CDE-99C1CC514105}.GooglePlay|x64.Build.0 = GooglePlay|x64
		{C9E3D22C-DD30-4D5D-9CDE-99C1CC514105}.GooglePlay|x64.Deploy.0 = GooglePlay|x64
		{C9E3D22C-DD30-4D5D-9CDE-99C1CC514105}.GooglePlay|x86.ActiveCfg = GooglePlay|x86
		{C9E3D22C-DD30-4D5D-9CDE-99C1CC514105}.GooglePlay|x86.Build.0 = GooglePlay|x86
		{C9E3D22C-DD30-4D5D-9CDE-99C1CC514105}.GooglePlay|x86.Deploy.0 = GooglePlay|x86
		{C9E3D22C-DD30-4D5D-9CDE-99C1CC514105}.Release|Any CPU.ActiveCfg = Release|x86
		{C9E3D22C-DD30-4D5D-9CDE-99C1CC514105}.Release|Any CPU.Build.0 = Release|x86
		{C9E3D22C-DD30-4D5D-9CDE-99C1CC514105}.Release|Any CPU.Deploy.0 = Release|x86
		{C9E3D22C-DD30-4D5D-9CDE-99C1CC514105}.Release|ARM.ActiveCfg = Release|ARM
		{C9E3D22C-DD30-4D5D-9CDE-99C1CC514105}.Release|ARM.Build.0 = Release|ARM
		{C9E3D22C-DD30-4D5D-9CDE-99C1CC514105}.Release|ARM.Deploy.0 = Release|ARM
		{C9E3D22C-DD30-4D5D-9CDE-99C1CC514105}.Release|iPhone.ActiveCfg = Release|x86
		{C9E3D22C-DD30-4D5D-9CDE-99C1CC514105}.Release|iPhoneSimulator.ActiveCfg = Release|x86
		{C9E3D22C-DD30-4D5D-9CDE-99C1CC514105}.Release|x64.ActiveCfg = Release|x64
		{C9E3D22C-DD30-4D5D-9CDE-99C1CC514105}.Release|x64.Build.0 = Release|x64
		{C9E3D22C-DD30-4D5D-9CDE-99C1CC514105}.Release|x64.Deploy.0 = Release|x64
		{C9E3D22C-DD30-4D5D-9CDE-99C1CC514105}.Release|x86.ActiveCfg = Release|x86
		{C9E3D22C-DD30-4D5D-9CDE-99C1CC514105}.Release|x86.Build.0 = Release|x86
		{C9E3D22C-DD30-4D5D-9CDE-99C1CC514105}.Release|x86.Deploy.0 = Release|x86
		{C9E3D22C-DD30-4D5D-9CDE-99C1CC514105}.Unit Test|Any CPU.ActiveCfg = Unit Test|x86
		{C9E3D22C-DD30-4D5D-9CDE-99C1CC514105}.Unit Test|ARM.ActiveCfg = Unit Test|ARM
		{C9E3D22C-DD30-4D5D-9CDE-99C1CC514105}.Unit Test|ARM.Build.0 = Unit Test|ARM
		{C9E3D22C-DD30-4D5D-9CDE-99C1CC514105}.Unit Test|ARM.Deploy.0 = Unit Test|ARM
		{C9E3D22C-DD30-4D5D-9CDE-99C1CC514105}.Unit Test|iPhone.ActiveCfg = Unit Test|x86
		{C9E3D22C-DD30-4D5D-9CDE-99C1CC514105}.Unit Test|iPhoneSimulator.ActiveCfg = Unit Test|x86
		{C9E3D22C-DD30-4D5D-9CDE-99C1CC514105}.Unit Test|x64.ActiveCfg = Unit Test|x64
		{C9E3D22C-DD30-4D5D-9CDE-99C1CC514105}.Unit Test|x64.Build.0 = Unit Test|x64
		{C9E3D22C-DD30-4D5D-9CDE-99C1CC514105}.Unit Test|x64.Deploy.0 = Unit Test|x64
		{C9E3D22C-DD30-4D5D-9CDE-99C1CC514105}.Unit Test|x86.ActiveCfg = Unit Test|x86
		{C9E3D22C-DD30-4D5D-9CDE-99C1CC514105}.Unit Test|x86.Build.0 = Unit Test|x86
		{C9E3D22C-DD30-4D5D-9CDE-99C1CC514105}.Unit Test|x86.Deploy.0 = Unit Test|x86
		{4469FD17-D2AB-43FD-8EA5-3EC5942A5A11}.Debug|Any CPU.ActiveCfg = Debug|Any CPU
		{4469FD17-D2AB-43FD-8EA5-3EC5942A5A11}.Debug|Any CPU.Build.0 = Debug|Any CPU
		{4469FD17-D2AB-43FD-8EA5-3EC5942A5A11}.Debug|ARM.ActiveCfg = Debug|Any CPU
		{4469FD17-D2AB-43FD-8EA5-3EC5942A5A11}.Debug|ARM.Build.0 = Debug|Any CPU
		{4469FD17-D2AB-43FD-8EA5-3EC5942A5A11}.Debug|iPhone.ActiveCfg = Debug|Any CPU
		{4469FD17-D2AB-43FD-8EA5-3EC5942A5A11}.Debug|iPhone.Build.0 = Debug|Any CPU
		{4469FD17-D2AB-43FD-8EA5-3EC5942A5A11}.Debug|iPhoneSimulator.ActiveCfg = Debug|Any CPU
		{4469FD17-D2AB-43FD-8EA5-3EC5942A5A11}.Debug|iPhoneSimulator.Build.0 = Debug|Any CPU
		{4469FD17-D2AB-43FD-8EA5-3EC5942A5A11}.Debug|x64.ActiveCfg = Debug|Any CPU
		{4469FD17-D2AB-43FD-8EA5-3EC5942A5A11}.Debug|x86.ActiveCfg = Debug|Any CPU
		{4469FD17-D2AB-43FD-8EA5-3EC5942A5A11}.Debug|x86.Build.0 = Debug|Any CPU
		{4469FD17-D2AB-43FD-8EA5-3EC5942A5A11}.GooglePlay|Any CPU.ActiveCfg = GooglePlay|Any CPU
		{4469FD17-D2AB-43FD-8EA5-3EC5942A5A11}.GooglePlay|Any CPU.Build.0 = GooglePlay|Any CPU
		{4469FD17-D2AB-43FD-8EA5-3EC5942A5A11}.GooglePlay|ARM.ActiveCfg = GooglePlay|Any CPU
		{4469FD17-D2AB-43FD-8EA5-3EC5942A5A11}.GooglePlay|ARM.Build.0 = GooglePlay|Any CPU
		{4469FD17-D2AB-43FD-8EA5-3EC5942A5A11}.GooglePlay|iPhone.ActiveCfg = GooglePlay|Any CPU
		{4469FD17-D2AB-43FD-8EA5-3EC5942A5A11}.GooglePlay|iPhone.Build.0 = GooglePlay|Any CPU
		{4469FD17-D2AB-43FD-8EA5-3EC5942A5A11}.GooglePlay|iPhoneSimulator.ActiveCfg = GooglePlay|Any CPU
		{4469FD17-D2AB-43FD-8EA5-3EC5942A5A11}.GooglePlay|iPhoneSimulator.Build.0 = GooglePlay|Any CPU
		{4469FD17-D2AB-43FD-8EA5-3EC5942A5A11}.GooglePlay|x64.ActiveCfg = GooglePlay|Any CPU
		{4469FD17-D2AB-43FD-8EA5-3EC5942A5A11}.GooglePlay|x64.Build.0 = GooglePlay|Any CPU
		{4469FD17-D2AB-43FD-8EA5-3EC5942A5A11}.GooglePlay|x86.ActiveCfg = GooglePlay|Any CPU
		{4469FD17-D2AB-43FD-8EA5-3EC5942A5A11}.GooglePlay|x86.Build.0 = GooglePlay|Any CPU
		{4469FD17-D2AB-43FD-8EA5-3EC5942A5A11}.Release|Any CPU.ActiveCfg = Release|Any CPU
		{4469FD17-D2AB-43FD-8EA5-3EC5942A5A11}.Release|Any CPU.Build.0 = Release|Any CPU
		{4469FD17-D2AB-43FD-8EA5-3EC5942A5A11}.Release|ARM.ActiveCfg = Release|Any CPU
		{4469FD17-D2AB-43FD-8EA5-3EC5942A5A11}.Release|ARM.Build.0 = Release|Any CPU
		{4469FD17-D2AB-43FD-8EA5-3EC5942A5A11}.Release|iPhone.ActiveCfg = Release|Any CPU
		{4469FD17-D2AB-43FD-8EA5-3EC5942A5A11}.Release|iPhone.Build.0 = Release|Any CPU
		{4469FD17-D2AB-43FD-8EA5-3EC5942A5A11}.Release|iPhoneSimulator.ActiveCfg = Release|Any CPU
		{4469FD17-D2AB-43FD-8EA5-3EC5942A5A11}.Release|iPhoneSimulator.Build.0 = Release|Any CPU
		{4469FD17-D2AB-43FD-8EA5-3EC5942A5A11}.Release|x64.ActiveCfg = Release|Any CPU
		{4469FD17-D2AB-43FD-8EA5-3EC5942A5A11}.Release|x64.Build.0 = Release|Any CPU
		{4469FD17-D2AB-43FD-8EA5-3EC5942A5A11}.Release|x86.ActiveCfg = Release|Any CPU
		{4469FD17-D2AB-43FD-8EA5-3EC5942A5A11}.Release|x86.Build.0 = Release|Any CPU
		{4469FD17-D2AB-43FD-8EA5-3EC5942A5A11}.Unit Test|Any CPU.ActiveCfg = Unit Test|Any CPU
		{4469FD17-D2AB-43FD-8EA5-3EC5942A5A11}.Unit Test|Any CPU.Build.0 = Unit Test|Any CPU
		{4469FD17-D2AB-43FD-8EA5-3EC5942A5A11}.Unit Test|ARM.ActiveCfg = Unit Test|Any CPU
		{4469FD17-D2AB-43FD-8EA5-3EC5942A5A11}.Unit Test|ARM.Build.0 = Unit Test|Any CPU
		{4469FD17-D2AB-43FD-8EA5-3EC5942A5A11}.Unit Test|iPhone.ActiveCfg = Unit Test|Any CPU
		{4469FD17-D2AB-43FD-8EA5-3EC5942A5A11}.Unit Test|iPhone.Build.0 = Unit Test|Any CPU
		{4469FD17-D2AB-43FD-8EA5-3EC5942A5A11}.Unit Test|iPhoneSimulator.ActiveCfg = Unit Test|Any CPU
		{4469FD17-D2AB-43FD-8EA5-3EC5942A5A11}.Unit Test|iPhoneSimulator.Build.0 = Unit Test|Any CPU
		{4469FD17-D2AB-43FD-8EA5-3EC5942A5A11}.Unit Test|x64.ActiveCfg = Unit Test|Any CPU
		{4469FD17-D2AB-43FD-8EA5-3EC5942A5A11}.Unit Test|x64.Build.0 = Unit Test|Any CPU
		{4469FD17-D2AB-43FD-8EA5-3EC5942A5A11}.Unit Test|x86.ActiveCfg = Unit Test|Any CPU
		{4469FD17-D2AB-43FD-8EA5-3EC5942A5A11}.Unit Test|x86.Build.0 = Unit Test|Any CPU
		{CEB8843C-EAD4-425C-BBB1-4ADDD93B6672}.Debug|Any CPU.ActiveCfg = Debug|Any CPU
		{CEB8843C-EAD4-425C-BBB1-4ADDD93B6672}.Debug|Any CPU.Build.0 = Debug|Any CPU
		{CEB8843C-EAD4-425C-BBB1-4ADDD93B6672}.Debug|ARM.ActiveCfg = Debug|Any CPU
		{CEB8843C-EAD4-425C-BBB1-4ADDD93B6672}.Debug|ARM.Build.0 = Debug|Any CPU
		{CEB8843C-EAD4-425C-BBB1-4ADDD93B6672}.Debug|iPhone.ActiveCfg = Debug|Any CPU
		{CEB8843C-EAD4-425C-BBB1-4ADDD93B6672}.Debug|iPhone.Build.0 = Debug|Any CPU
		{CEB8843C-EAD4-425C-BBB1-4ADDD93B6672}.Debug|iPhoneSimulator.ActiveCfg = Debug|Any CPU
		{CEB8843C-EAD4-425C-BBB1-4ADDD93B6672}.Debug|iPhoneSimulator.Build.0 = Debug|Any CPU
		{CEB8843C-EAD4-425C-BBB1-4ADDD93B6672}.Debug|x64.ActiveCfg = Debug|Any CPU
		{CEB8843C-EAD4-425C-BBB1-4ADDD93B6672}.Debug|x86.ActiveCfg = Debug|Any CPU
		{CEB8843C-EAD4-425C-BBB1-4ADDD93B6672}.Debug|x86.Build.0 = Debug|Any CPU
		{CEB8843C-EAD4-425C-BBB1-4ADDD93B6672}.GooglePlay|Any CPU.ActiveCfg = GooglePlay|Any CPU
		{CEB8843C-EAD4-425C-BBB1-4ADDD93B6672}.GooglePlay|Any CPU.Build.0 = GooglePlay|Any CPU
		{CEB8843C-EAD4-425C-BBB1-4ADDD93B6672}.GooglePlay|ARM.ActiveCfg = GooglePlay|Any CPU
		{CEB8843C-EAD4-425C-BBB1-4ADDD93B6672}.GooglePlay|ARM.Build.0 = GooglePlay|Any CPU
		{CEB8843C-EAD4-425C-BBB1-4ADDD93B6672}.GooglePlay|iPhone.ActiveCfg = GooglePlay|Any CPU
		{CEB8843C-EAD4-425C-BBB1-4ADDD93B6672}.GooglePlay|iPhone.Build.0 = GooglePlay|Any CPU
		{CEB8843C-EAD4-425C-BBB1-4ADDD93B6672}.GooglePlay|iPhoneSimulator.ActiveCfg = GooglePlay|Any CPU
		{CEB8843C-EAD4-425C-BBB1-4ADDD93B6672}.GooglePlay|iPhoneSimulator.Build.0 = GooglePlay|Any CPU
		{CEB8843C-EAD4-425C-BBB1-4ADDD93B6672}.GooglePlay|x64.ActiveCfg = GooglePlay|Any CPU
		{CEB8843C-EAD4-425C-BBB1-4ADDD93B6672}.GooglePlay|x64.Build.0 = GooglePlay|Any CPU
		{CEB8843C-EAD4-425C-BBB1-4ADDD93B6672}.GooglePlay|x86.ActiveCfg = GooglePlay|Any CPU
		{CEB8843C-EAD4-425C-BBB1-4ADDD93B6672}.GooglePlay|x86.Build.0 = GooglePlay|Any CPU
		{CEB8843C-EAD4-425C-BBB1-4ADDD93B6672}.Release|Any CPU.ActiveCfg = Release|Any CPU
		{CEB8843C-EAD4-425C-BBB1-4ADDD93B6672}.Release|Any CPU.Build.0 = Release|Any CPU
		{CEB8843C-EAD4-425C-BBB1-4ADDD93B6672}.Release|ARM.ActiveCfg = Release|Any CPU
		{CEB8843C-EAD4-425C-BBB1-4ADDD93B6672}.Release|ARM.Build.0 = Release|Any CPU
		{CEB8843C-EAD4-425C-BBB1-4ADDD93B6672}.Release|iPhone.ActiveCfg = Release|Any CPU
		{CEB8843C-EAD4-425C-BBB1-4ADDD93B6672}.Release|iPhone.Build.0 = Release|Any CPU
		{CEB8843C-EAD4-425C-BBB1-4ADDD93B6672}.Release|iPhoneSimulator.ActiveCfg = Release|Any CPU
		{CEB8843C-EAD4-425C-BBB1-4ADDD93B6672}.Release|iPhoneSimulator.Build.0 = Release|Any CPU
		{CEB8843C-EAD4-425C-BBB1-4ADDD93B6672}.Release|x64.ActiveCfg = Release|Any CPU
		{CEB8843C-EAD4-425C-BBB1-4ADDD93B6672}.Release|x64.Build.0 = Release|Any CPU
		{CEB8843C-EAD4-425C-BBB1-4ADDD93B6672}.Release|x86.ActiveCfg = Release|Any CPU
		{CEB8843C-EAD4-425C-BBB1-4ADDD93B6672}.Release|x86.Build.0 = Release|Any CPU
		{CEB8843C-EAD4-425C-BBB1-4ADDD93B6672}.Unit Test|Any CPU.ActiveCfg = Unit Test|Any CPU
		{CEB8843C-EAD4-425C-BBB1-4ADDD93B6672}.Unit Test|Any CPU.Build.0 = Unit Test|Any CPU
		{CEB8843C-EAD4-425C-BBB1-4ADDD93B6672}.Unit Test|ARM.ActiveCfg = Unit Test|Any CPU
		{CEB8843C-EAD4-425C-BBB1-4ADDD93B6672}.Unit Test|ARM.Build.0 = Unit Test|Any CPU
		{CEB8843C-EAD4-425C-BBB1-4ADDD93B6672}.Unit Test|iPhone.ActiveCfg = Unit Test|Any CPU
		{CEB8843C-EAD4-425C-BBB1-4ADDD93B6672}.Unit Test|iPhone.Build.0 = Unit Test|Any CPU
		{CEB8843C-EAD4-425C-BBB1-4ADDD93B6672}.Unit Test|iPhoneSimulator.ActiveCfg = Unit Test|Any CPU
		{CEB8843C-EAD4-425C-BBB1-4ADDD93B6672}.Unit Test|iPhoneSimulator.Build.0 = Unit Test|Any CPU
		{CEB8843C-EAD4-425C-BBB1-4ADDD93B6672}.Unit Test|x64.ActiveCfg = Unit Test|Any CPU
		{CEB8843C-EAD4-425C-BBB1-4ADDD93B6672}.Unit Test|x64.Build.0 = Unit Test|Any CPU
		{CEB8843C-EAD4-425C-BBB1-4ADDD93B6672}.Unit Test|x86.ActiveCfg = Unit Test|Any CPU
		{CEB8843C-EAD4-425C-BBB1-4ADDD93B6672}.Unit Test|x86.Build.0 = Unit Test|Any CPU
		{3651F099-4475-42DF-AB9C-115BECEEB8EB}.Debug|Any CPU.ActiveCfg = Debug|Any CPU
		{3651F099-4475-42DF-AB9C-115BECEEB8EB}.Debug|Any CPU.Build.0 = Debug|Any CPU
		{3651F099-4475-42DF-AB9C-115BECEEB8EB}.Debug|Any CPU.Deploy.0 = Debug|Any CPU
		{3651F099-4475-42DF-AB9C-115BECEEB8EB}.Debug|ARM.ActiveCfg = Debug|Any CPU
		{3651F099-4475-42DF-AB9C-115BECEEB8EB}.Debug|ARM.Build.0 = Debug|Any CPU
		{3651F099-4475-42DF-AB9C-115BECEEB8EB}.Debug|ARM.Deploy.0 = Debug|Any CPU
		{3651F099-4475-42DF-AB9C-115BECEEB8EB}.Debug|iPhone.ActiveCfg = Debug|Any CPU
		{3651F099-4475-42DF-AB9C-115BECEEB8EB}.Debug|iPhone.Build.0 = Debug|Any CPU
		{3651F099-4475-42DF-AB9C-115BECEEB8EB}.Debug|iPhone.Deploy.0 = Debug|Any CPU
		{3651F099-4475-42DF-AB9C-115BECEEB8EB}.Debug|iPhoneSimulator.ActiveCfg = Debug|Any CPU
		{3651F099-4475-42DF-AB9C-115BECEEB8EB}.Debug|iPhoneSimulator.Build.0 = Debug|Any CPU
		{3651F099-4475-42DF-AB9C-115BECEEB8EB}.Debug|iPhoneSimulator.Deploy.0 = Debug|Any CPU
		{3651F099-4475-42DF-AB9C-115BECEEB8EB}.Debug|x64.ActiveCfg = Debug|Any CPU
		{3651F099-4475-42DF-AB9C-115BECEEB8EB}.Debug|x64.Build.0 = Debug|Any CPU
		{3651F099-4475-42DF-AB9C-115BECEEB8EB}.Debug|x64.Deploy.0 = Debug|Any CPU
		{3651F099-4475-42DF-AB9C-115BECEEB8EB}.Debug|x86.ActiveCfg = Debug|Any CPU
		{3651F099-4475-42DF-AB9C-115BECEEB8EB}.Debug|x86.Build.0 = Debug|Any CPU
		{3651F099-4475-42DF-AB9C-115BECEEB8EB}.Debug|x86.Deploy.0 = Debug|Any CPU
		{3651F099-4475-42DF-AB9C-115BECEEB8EB}.GooglePlay|Any CPU.ActiveCfg = Debug|Any CPU
		{3651F099-4475-42DF-AB9C-115BECEEB8EB}.GooglePlay|Any CPU.Build.0 = Debug|Any CPU
		{3651F099-4475-42DF-AB9C-115BECEEB8EB}.GooglePlay|Any CPU.Deploy.0 = Debug|Any CPU
		{3651F099-4475-42DF-AB9C-115BECEEB8EB}.GooglePlay|ARM.ActiveCfg = Debug|Any CPU
		{3651F099-4475-42DF-AB9C-115BECEEB8EB}.GooglePlay|ARM.Build.0 = Debug|Any CPU
		{3651F099-4475-42DF-AB9C-115BECEEB8EB}.GooglePlay|ARM.Deploy.0 = Debug|Any CPU
		{3651F099-4475-42DF-AB9C-115BECEEB8EB}.GooglePlay|iPhone.ActiveCfg = Debug|Any CPU
		{3651F099-4475-42DF-AB9C-115BECEEB8EB}.GooglePlay|iPhone.Build.0 = Debug|Any CPU
		{3651F099-4475-42DF-AB9C-115BECEEB8EB}.GooglePlay|iPhone.Deploy.0 = Debug|Any CPU
		{3651F099-4475-42DF-AB9C-115BECEEB8EB}.GooglePlay|iPhoneSimulator.ActiveCfg = Debug|Any CPU
		{3651F099-4475-42DF-AB9C-115BECEEB8EB}.GooglePlay|iPhoneSimulator.Build.0 = Debug|Any CPU
		{3651F099-4475-42DF-AB9C-115BECEEB8EB}.GooglePlay|iPhoneSimulator.Deploy.0 = Debug|Any CPU
		{3651F099-4475-42DF-AB9C-115BECEEB8EB}.GooglePlay|x64.ActiveCfg = Debug|Any CPU
		{3651F099-4475-42DF-AB9C-115BECEEB8EB}.GooglePlay|x64.Build.0 = Debug|Any CPU
		{3651F099-4475-42DF-AB9C-115BECEEB8EB}.GooglePlay|x64.Deploy.0 = Debug|Any CPU
		{3651F099-4475-42DF-AB9C-115BECEEB8EB}.GooglePlay|x86.ActiveCfg = Debug|Any CPU
		{3651F099-4475-42DF-AB9C-115BECEEB8EB}.GooglePlay|x86.Build.0 = Debug|Any CPU
		{3651F099-4475-42DF-AB9C-115BECEEB8EB}.GooglePlay|x86.Deploy.0 = Debug|Any CPU
		{3651F099-4475-42DF-AB9C-115BECEEB8EB}.Release|Any CPU.ActiveCfg = Release|Any CPU
		{3651F099-4475-42DF-AB9C-115BECEEB8EB}.Release|Any CPU.Build.0 = Release|Any CPU
		{3651F099-4475-42DF-AB9C-115BECEEB8EB}.Release|Any CPU.Deploy.0 = Release|Any CPU
		{3651F099-4475-42DF-AB9C-115BECEEB8EB}.Release|ARM.ActiveCfg = Release|Any CPU
		{3651F099-4475-42DF-AB9C-115BECEEB8EB}.Release|ARM.Build.0 = Release|Any CPU
		{3651F099-4475-42DF-AB9C-115BECEEB8EB}.Release|ARM.Deploy.0 = Release|Any CPU
		{3651F099-4475-42DF-AB9C-115BECEEB8EB}.Release|iPhone.ActiveCfg = Release|Any CPU
		{3651F099-4475-42DF-AB9C-115BECEEB8EB}.Release|iPhone.Build.0 = Release|Any CPU
		{3651F099-4475-42DF-AB9C-115BECEEB8EB}.Release|iPhone.Deploy.0 = Release|Any CPU
		{3651F099-4475-42DF-AB9C-115BECEEB8EB}.Release|iPhoneSimulator.ActiveCfg = Release|Any CPU
		{3651F099-4475-42DF-AB9C-115BECEEB8EB}.Release|iPhoneSimulator.Build.0 = Release|Any CPU
		{3651F099-4475-42DF-AB9C-115BECEEB8EB}.Release|iPhoneSimulator.Deploy.0 = Release|Any CPU
		{3651F099-4475-42DF-AB9C-115BECEEB8EB}.Release|x64.ActiveCfg = Release|Any CPU
		{3651F099-4475-42DF-AB9C-115BECEEB8EB}.Release|x64.Build.0 = Release|Any CPU
		{3651F099-4475-42DF-AB9C-115BECEEB8EB}.Release|x64.Deploy.0 = Release|Any CPU
		{3651F099-4475-42DF-AB9C-115BECEEB8EB}.Release|x86.ActiveCfg = Release|Any CPU
		{3651F099-4475-42DF-AB9C-115BECEEB8EB}.Release|x86.Build.0 = Release|Any CPU
		{3651F099-4475-42DF-AB9C-115BECEEB8EB}.Release|x86.Deploy.0 = Release|Any CPU
		{3651F099-4475-42DF-AB9C-115BECEEB8EB}.Unit Test|Any CPU.ActiveCfg = Debug|Any CPU
		{3651F099-4475-42DF-AB9C-115BECEEB8EB}.Unit Test|Any CPU.Build.0 = Debug|Any CPU
		{3651F099-4475-42DF-AB9C-115BECEEB8EB}.Unit Test|Any CPU.Deploy.0 = Debug|Any CPU
		{3651F099-4475-42DF-AB9C-115BECEEB8EB}.Unit Test|ARM.ActiveCfg = Debug|Any CPU
		{3651F099-4475-42DF-AB9C-115BECEEB8EB}.Unit Test|ARM.Build.0 = Debug|Any CPU
		{3651F099-4475-42DF-AB9C-115BECEEB8EB}.Unit Test|ARM.Deploy.0 = Debug|Any CPU
		{3651F099-4475-42DF-AB9C-115BECEEB8EB}.Unit Test|iPhone.ActiveCfg = Debug|Any CPU
		{3651F099-4475-42DF-AB9C-115BECEEB8EB}.Unit Test|iPhone.Build.0 = Debug|Any CPU
		{3651F099-4475-42DF-AB9C-115BECEEB8EB}.Unit Test|iPhone.Deploy.0 = Debug|Any CPU
		{3651F099-4475-42DF-AB9C-115BECEEB8EB}.Unit Test|iPhoneSimulator.ActiveCfg = Debug|Any CPU
		{3651F099-4475-42DF-AB9C-115BECEEB8EB}.Unit Test|iPhoneSimulator.Build.0 = Debug|Any CPU
		{3651F099-4475-42DF-AB9C-115BECEEB8EB}.Unit Test|iPhoneSimulator.Deploy.0 = Debug|Any CPU
		{3651F099-4475-42DF-AB9C-115BECEEB8EB}.Unit Test|x64.ActiveCfg = Debug|Any CPU
		{3651F099-4475-42DF-AB9C-115BECEEB8EB}.Unit Test|x64.Build.0 = Debug|Any CPU
		{3651F099-4475-42DF-AB9C-115BECEEB8EB}.Unit Test|x64.Deploy.0 = Debug|Any CPU
		{3651F099-4475-42DF-AB9C-115BECEEB8EB}.Unit Test|x86.ActiveCfg = Debug|Any CPU
		{3651F099-4475-42DF-AB9C-115BECEEB8EB}.Unit Test|x86.Build.0 = Debug|Any CPU
		{3651F099-4475-42DF-AB9C-115BECEEB8EB}.Unit Test|x86.Deploy.0 = Debug|Any CPU
	EndGlobalSection
	GlobalSection(SolutionProperties) = preSolution
		HideSolutionNode = FALSE
	EndGlobalSection
	GlobalSection(NestedProjects) = preSolution
		{F161B48C-2D99-4498-97DF-136E379816A4} = {4E56C56F-B9F2-4B6A-8D92-C96B523CC949}
		{AEA674AD-4F61-4588-BEE8-D463C57E2BF1} = {F161B48C-2D99-4498-97DF-136E379816A4}
		{9001E1F9-1650-4E0F-BE28-57C16727A4A4} = {F161B48C-2D99-4498-97DF-136E379816A4}
		{D48CC23A-5C6D-4C1C-8396-EA84260E90BC} = {F161B48C-2D99-4498-97DF-136E379816A4}
		{23F10156-2581-4430-89BE-6871D70BD4FB} = {F161B48C-2D99-4498-97DF-136E379816A4}
		{6FF772D0-B54F-4526-9FF6-535E9ED88E14} = {4E56C56F-B9F2-4B6A-8D92-C96B523CC949}
	EndGlobalSection
	GlobalSection(ExtensibilityGlobals) = postSolution
		SolutionGuid = {2F330216-0DFF-42A7-B6B3-2B4801C63B39}
	EndGlobalSection
EndGlobal
